
Microsoft Visual Studio Solution File, Format Version 11.00
# Visual Studio 2010
Project("{FAE04EC0-301F-11D3-BF4B-00C04F79EFBC}") = "CharityClick", "CharityClick\CharityClick.csproj", "{BDBE4730-8ECC-4730-ABEF-6AF165254EC2}"
EndProject
Global
	GlobalSection(SolutionConfigurationPlatforms) = preSolution
		Debug|Any CPU = Debug|Any CPU
		Release|Any CPU = Release|Any CPU
	EndGlobalSection
	GlobalSection(ProjectConfigurationPlatforms) = postSolution
		{BDBE4730-8ECC-4730-ABEF-6AF165254EC2}.Debug|Any CPU.ActiveCfg = Debug|Any CPU
		{BDBE4730-8ECC-4730-ABEF-6AF165254EC2}.Debug|Any CPU.Build.0 = Debug|Any CPU
		{BDBE4730-8ECC-4730-ABEF-6AF165254EC2}.Release|Any CPU.ActiveCfg = Release|Any CPU
		{BDBE4730-8ECC-4730-ABEF-6AF165254EC2}.Release|Any CPU.Build.0 = Release|Any CPU
	EndGlobalSection
	GlobalSection(SolutionProperties) = preSolution
		HideSolutionNode = FALSE
	EndGlobalSection
EndGlobal
